
Microsoft Visual Studio Solution File, Format Version 12.00
Project("{FAE04EC0-301F-11D3-BF4B-00C04F79EFBC}") = "TodoAPI", "TodoAPI\TodoAPI.csproj", "{CEE8B585-0E2F-4A6F-9202-962D1F54BA94}"
EndProject
Global
	GlobalSection(SolutionConfigurationPlatforms) = preSolution
		Debug|Any CPU = Debug|Any CPU
		Release|Any CPU = Release|Any CPU
	EndGlobalSection
	GlobalSection(ProjectConfigurationPlatforms) = postSolution
		{CEE8B585-0E2F-4A6F-9202-962D1F54BA94}.Debug|Any CPU.ActiveCfg = Debug|Any CPU
		{CEE8B585-0E2F-4A6F-9202-962D1F54BA94}.Debug|Any CPU.Build.0 = Debug|Any CPU
		{CEE8B585-0E2F-4A6F-9202-962D1F54BA94}.Release|Any CPU.ActiveCfg = Release|Any CPU
		{CEE8B585-0E2F-4A6F-9202-962D1F54BA94}.Release|Any CPU.Build.0 = Release|Any CPU
	EndGlobalSection
EndGlobal
